
Microsoft Visual Studio Solution File, Format Version 12.00
# Visual Studio Version 17
VisualStudioVersion = 17.5.33414.496
MinimumVisualStudioVersion = 10.0.40219.1
Project("{FAE04EC0-301F-11D3-BF4B-00C04F79EFBC}") = "Calc1", "Calc1\Calc1.csproj", "{3D98A963-0FF2-4958-B014-16E135DF0F6C}"
EndProject
Global
	GlobalSection(SolutionConfigurationPlatforms) = preSolution
		Debug|Any CPU = Debug|Any CPU
		Release|Any CPU = Release|Any CPU
	EndGlobalSection
	GlobalSection(ProjectConfigurationPlatforms) = postSolution
		{3D98A963-0FF2-4958-B014-16E135DF0F6C}.Debug|Any CPU.ActiveCfg = Debug|Any CPU
		{3D98A963-0FF2-4958-B014-16E135DF0F6C}.Debug|Any CPU.Build.0 = Debug|Any CPU
		{3D98A963-0FF2-4958-B014-16E135DF0F6C}.Release|Any CPU.ActiveCfg = Release|Any CPU
		{3D98A963-0FF2-4958-B014-16E135DF0F6C}.Release|Any CPU.Build.0 = Release|Any CPU
	EndGlobalSection
	GlobalSection(SolutionProperties) = preSolution
		HideSolutionNode = FALSE
	EndGlobalSection
	GlobalSection(ExtensibilityGlobals) = postSolution
		SolutionGuid = {1E123010-95B2-4122-B861-CA7F488C2925}
	EndGlobalSection
EndGlobal
